
Microsoft Visual Studio Solution File, Format Version 12.00
# Visual Studio Version 16
VisualStudioVersion = 16.0.31424.327
MinimumVisualStudioVersion = 10.0.40219.1
Project("{FAE04EC0-301F-11D3-BF4B-00C04F79EFBC}") = "NullLib.VirtualForms", "NullLib.VirtualForms\NullLib.VirtualForms.csproj", "{2BBE5526-E2FC-4021-B420-2D587FA238DD}"
EndProject
Project("{FAE04EC0-301F-11D3-BF4B-00C04F79EFBC}") = "TestForm", "TestForm\TestForm.csproj", "{9458A86A-0A74-4CC7-8CA7-CE6EEBC53F7B}"
EndProject
Project("{FAE04EC0-301F-11D3-BF4B-00C04F79EFBC}") = "NullLib.VirtualForms.Win", "NullLib.VirtualForms.Win\NullLib.VirtualForms.Win.csproj", "{81359FD8-72A3-4A79-9077-0DAA513EA112}"
EndProject
Global
	GlobalSection(SolutionConfigurationPlatforms) = preSolution
		Debug|Any CPU = Debug|Any CPU
		Release|Any CPU = Release|Any CPU
	EndGlobalSection
	GlobalSection(ProjectConfigurationPlatforms) = postSolution
		{2BBE5526-E2FC-4021-B420-2D587FA238DD}.Debug|Any CPU.ActiveCfg = Debug|Any CPU
		{2BBE5526-E2FC-4021-B420-2D587FA238DD}.Debug|Any CPU.Build.0 = Debug|Any CPU
		{2BBE5526-E2FC-4021-B420-2D587FA238DD}.Release|Any CPU.ActiveCfg = Release|Any CPU
		{2BBE5526-E2FC-4021-B420-2D587FA238DD}.Release|Any CPU.Build.0 = Release|Any CPU
		{9458A86A-0A74-4CC7-8CA7-CE6EEBC53F7B}.Debug|Any CPU.ActiveCfg = Debug|Any CPU
		{9458A86A-0A74-4CC7-8CA7-CE6EEBC53F7B}.Debug|Any CPU.Build.0 = Debug|Any CPU
		{9458A86A-0A74-4CC7-8CA7-CE6EEBC53F7B}.Release|Any CPU.ActiveCfg = Release|Any CPU
		{9458A86A-0A74-4CC7-8CA7-CE6EEBC53F7B}.Release|Any CPU.Build.0 = Release|Any CPU
		{81359FD8-72A3-4A79-9077-0DAA513EA112}.Debug|Any CPU.ActiveCfg = Debug|Any CPU
		{81359FD8-72A3-4A79-9077-0DAA513EA112}.Debug|Any CPU.Build.0 = Debug|Any CPU
		{81359FD8-72A3-4A79-9077-0DAA513EA112}.Release|Any CPU.ActiveCfg = Release|Any CPU
		{81359FD8-72A3-4A79-9077-0DAA513EA112}.Release|Any CPU.Build.0 = Release|Any CPU
	EndGlobalSection
	GlobalSection(SolutionProperties) = preSolution
		HideSolutionNode = FALSE
	EndGlobalSection
	GlobalSection(ExtensibilityGlobals) = postSolution
		SolutionGuid = {DC40348D-D3DE-4173-A8A5-86C41A2BCEB5}
	EndGlobalSection
EndGlobal
